
Microsoft Visual Studio Solution File, Format Version 12.00
Project("{2150E333-8FDC-42A3-9474-1A3956D46DE8}") = "Src", "Src", "{ED0671B6-1B52-4189-8AC4-9A1F32E96D8F}"
EndProject
Project("{2150E333-8FDC-42A3-9474-1A3956D46DE8}") = "Doc", "Doc", "{C9EF1D0A-355F-4FB8-8D35-F35214EE3AB3}"
EndProject
Project("{2150E333-8FDC-42A3-9474-1A3956D46DE8}") = "Test", "Test", "{ADEAC6BF-CFB2-480A-9003-63F8BD15FC43}"
EndProject
Project("{2150E333-8FDC-42A3-9474-1A3956D46DE8}") = "Common", "Common", "{AA48A15F-4EE6-49D7-BD86-9C73FA4A427E}"
EndProject
Project("{2150E333-8FDC-42A3-9474-1A3956D46DE8}") = "Infrastructure", "Infrastructure", "{394410CB-F3CA-42DC-AB7A-886BA3B5355F}"
	ProjectSection(SolutionItems) = preProject
		Src\Infrastructure\.gitignore = Src\Infrastructure\.gitignore
	EndProjectSection
EndProject
Project("{2150E333-8FDC-42A3-9474-1A3956D46DE8}") = "Presentation", "Presentation", "{4E22D373-0434-4C40-9B11-4C7B88D6C22E}"
EndProject
Project("{FAE04EC0-301F-11D3-BF4B-00C04F79EFBC}") = "PetShop.Common", "Src\Common\PetShop.Common\PetShop.Common.csproj", "{E4AB6A42-200F-4102-8909-75ACB8DC3039}"
EndProject
Project("{2150E333-8FDC-42A3-9474-1A3956D46DE8}") = "Core", "Core", "{80A0A3AD-5DD4-4170-89DB-379D1E2C6EBB}"
EndProject
Project("{FAE04EC0-301F-11D3-BF4B-00C04F79EFBC}") = "PetShop.Domain", "Src\Core\PetShop.Domain\PetShop.Domain.csproj", "{BBE2B202-C3B5-4C2D-9AB2-0ABB5C17C8A1}"
EndProject
Project("{FAE04EC0-301F-11D3-BF4B-00C04F79EFBC}") = "PetShop.Application", "Src\Core\PetShop.Application\PetShop.Application.csproj", "{54AF1F3C-2128-44F5-8C15-8F20281515F8}"
EndProject
Project("{FAE04EC0-301F-11D3-BF4B-00C04F79EFBC}") = "PetShop.Infrastructure", "Src\Infrastructure\PetShop.Infrastructure\PetShop.Infrastructure.csproj", "{5E9646EA-A268-47F8-BE76-271C7D2D70F9}"
EndProject
Project("{FAE04EC0-301F-11D3-BF4B-00C04F79EFBC}") = "PetShop.Persistence", "Src\Infrastructure\PetShop.Persistence\PetShop.Persistence.csproj", "{6665F5FB-CAEF-4975-B7DD-E23B10BF09FA}"
EndProject
Global
	GlobalSection(SolutionConfigurationPlatforms) = preSolution
		Debug|Any CPU = Debug|Any CPU
		Release|Any CPU = Release|Any CPU
	EndGlobalSection
	GlobalSection(NestedProjects) = preSolution
		{AA48A15F-4EE6-49D7-BD86-9C73FA4A427E} = {ED0671B6-1B52-4189-8AC4-9A1F32E96D8F}
		{394410CB-F3CA-42DC-AB7A-886BA3B5355F} = {ED0671B6-1B52-4189-8AC4-9A1F32E96D8F}
		{4E22D373-0434-4C40-9B11-4C7B88D6C22E} = {ED0671B6-1B52-4189-8AC4-9A1F32E96D8F}
		{E4AB6A42-200F-4102-8909-75ACB8DC3039} = {AA48A15F-4EE6-49D7-BD86-9C73FA4A427E}
		{80A0A3AD-5DD4-4170-89DB-379D1E2C6EBB} = {ED0671B6-1B52-4189-8AC4-9A1F32E96D8F}
		{BBE2B202-C3B5-4C2D-9AB2-0ABB5C17C8A1} = {80A0A3AD-5DD4-4170-89DB-379D1E2C6EBB}
		{54AF1F3C-2128-44F5-8C15-8F20281515F8} = {80A0A3AD-5DD4-4170-89DB-379D1E2C6EBB}
		{5E9646EA-A268-47F8-BE76-271C7D2D70F9} = {394410CB-F3CA-42DC-AB7A-886BA3B5355F}
		{6665F5FB-CAEF-4975-B7DD-E23B10BF09FA} = {394410CB-F3CA-42DC-AB7A-886BA3B5355F}
	EndGlobalSection
	GlobalSection(ProjectConfigurationPlatforms) = postSolution
		{E4AB6A42-200F-4102-8909-75ACB8DC3039}.Debug|Any CPU.ActiveCfg = Debug|Any CPU
		{E4AB6A42-200F-4102-8909-75ACB8DC3039}.Debug|Any CPU.Build.0 = Debug|Any CPU
		{E4AB6A42-200F-4102-8909-75ACB8DC3039}.Release|Any CPU.ActiveCfg = Release|Any CPU
		{E4AB6A42-200F-4102-8909-75ACB8DC3039}.Release|Any CPU.Build.0 = Release|Any CPU
		{BBE2B202-C3B5-4C2D-9AB2-0ABB5C17C8A1}.Debug|Any CPU.ActiveCfg = Debug|Any CPU
		{BBE2B202-C3B5-4C2D-9AB2-0ABB5C17C8A1}.Debug|Any CPU.Build.0 = Debug|Any CPU
		{BBE2B202-C3B5-4C2D-9AB2-0ABB5C17C8A1}.Release|Any CPU.ActiveCfg = Release|Any CPU
		{BBE2B202-C3B5-4C2D-9AB2-0ABB5C17C8A1}.Release|Any CPU.Build.0 = Release|Any CPU
		{54AF1F3C-2128-44F5-8C15-8F20281515F8}.Debug|Any CPU.ActiveCfg = Debug|Any CPU
		{54AF1F3C-2128-44F5-8C15-8F20281515F8}.Debug|Any CPU.Build.0 = Debug|Any CPU
		{54AF1F3C-2128-44F5-8C15-8F20281515F8}.Release|Any CPU.ActiveCfg = Release|Any CPU
		{54AF1F3C-2128-44F5-8C15-8F20281515F8}.Release|Any CPU.Build.0 = Release|Any CPU
		{5E9646EA-A268-47F8-BE76-271C7D2D70F9}.Debug|Any CPU.ActiveCfg = Debug|Any CPU
		{5E9646EA-A268-47F8-BE76-271C7D2D70F9}.Debug|Any CPU.Build.0 = Debug|Any CPU
		{5E9646EA-A268-47F8-BE76-271C7D2D70F9}.Release|Any CPU.ActiveCfg = Release|Any CPU
		{5E9646EA-A268-47F8-BE76-271C7D2D70F9}.Release|Any CPU.Build.0 = Release|Any CPU
		{6665F5FB-CAEF-4975-B7DD-E23B10BF09FA}.Debug|Any CPU.ActiveCfg = Debug|Any CPU
		{6665F5FB-CAEF-4975-B7DD-E23B10BF09FA}.Debug|Any CPU.Build.0 = Debug|Any CPU
		{6665F5FB-CAEF-4975-B7DD-E23B10BF09FA}.Release|Any CPU.ActiveCfg = Release|Any CPU
		{6665F5FB-CAEF-4975-B7DD-E23B10BF09FA}.Release|Any CPU.Build.0 = Release|Any CPU
	EndGlobalSection
EndGlobal
